
Microsoft Visual Studio Solution File, Format Version 12.00
# Visual Studio 15
VisualStudioVersion = 15.0.27703.2026
MinimumVisualStudioVersion = 10.0.40219.1
Project("{FAE04EC0-301F-11D3-BF4B-00C04F79EFBC}") = "Cynov", "Cynov\Cynov.csproj", "{423D2766-1791-4B89-B322-D58003088259}"
EndProject
Global
	GlobalSection(SolutionConfigurationPlatforms) = preSolution
		Debug|Any CPU = Debug|Any CPU
		Release|Any CPU = Release|Any CPU
	EndGlobalSection
	GlobalSection(ProjectConfigurationPlatforms) = postSolution
		{423D2766-1791-4B89-B322-D58003088259}.Debug|Any CPU.ActiveCfg = Debug|Any CPU
		{423D2766-1791-4B89-B322-D58003088259}.Debug|Any CPU.Build.0 = Debug|Any CPU
		{423D2766-1791-4B89-B322-D58003088259}.Release|Any CPU.ActiveCfg = Release|Any CPU
		{423D2766-1791-4B89-B322-D58003088259}.Release|Any CPU.Build.0 = Release|Any CPU
	EndGlobalSection
	GlobalSection(SolutionProperties) = preSolution
		HideSolutionNode = FALSE
	EndGlobalSection
	GlobalSection(ExtensibilityGlobals) = postSolution
		SolutionGuid = {3F76B315-9ED9-4834-B55D-EA9BC532CC32}
	EndGlobalSection
EndGlobal
